
Microsoft Visual Studio Solution File, Format Version 12.00
# Visual Studio 2012
Project("{FAE04EC0-301F-11D3-BF4B-00C04F79EFBC}") = "EF", "EF\EF.csproj", "{DC59E9B1-66FB-43E2-A0D3-17E5EE5D0433}"
EndProject
Project("{FAE04EC0-301F-11D3-BF4B-00C04F79EFBC}") = "Migration", "Migration\Migration.csproj", "{A689BFB8-563F-4066-8CF1-8C4655643F59}"
EndProject
Project("{FAE04EC0-301F-11D3-BF4B-00C04F79EFBC}") = "Projects", "Projects\Projects.csproj", "{4DF74DDB-A58A-4672-903A-A6B62637C76A}"
EndProject
Project("{FAE04EC0-301F-11D3-BF4B-00C04F79EFBC}") = "Models", "Models\Models.csproj", "{66C4FAAF-4F5F-4A14-A5F1-444193265516}"
EndProject
Project("{FAE04EC0-301F-11D3-BF4B-00C04F79EFBC}") = "DAL", "DAL\DAL.csproj", "{5BE9B2F6-5C42-465A-8E67-C0E3A6BF2C36}"
EndProject
Project("{FAE04EC0-301F-11D3-BF4B-00C04F79EFBC}") = "Business", "Business\Business.csproj", "{5330E9B6-DA51-40D8-A1DD-2A8A70C71591}"
EndProject
Global
	GlobalSection(SolutionConfigurationPlatforms) = preSolution
		Debug|Any CPU = Debug|Any CPU
		Release|Any CPU = Release|Any CPU
	EndGlobalSection
	GlobalSection(ProjectConfigurationPlatforms) = postSolution
		{4DF74DDB-A58A-4672-903A-A6B62637C76A}.Debug|Any CPU.ActiveCfg = Debug|Any CPU
		{4DF74DDB-A58A-4672-903A-A6B62637C76A}.Debug|Any CPU.Build.0 = Debug|Any CPU
		{4DF74DDB-A58A-4672-903A-A6B62637C76A}.Release|Any CPU.ActiveCfg = Release|Any CPU
		{4DF74DDB-A58A-4672-903A-A6B62637C76A}.Release|Any CPU.Build.0 = Release|Any CPU
		{5330E9B6-DA51-40D8-A1DD-2A8A70C71591}.Debug|Any CPU.ActiveCfg = Debug|Any CPU
		{5330E9B6-DA51-40D8-A1DD-2A8A70C71591}.Debug|Any CPU.Build.0 = Debug|Any CPU
		{5330E9B6-DA51-40D8-A1DD-2A8A70C71591}.Release|Any CPU.ActiveCfg = Release|Any CPU
		{5330E9B6-DA51-40D8-A1DD-2A8A70C71591}.Release|Any CPU.Build.0 = Release|Any CPU
		{5BE9B2F6-5C42-465A-8E67-C0E3A6BF2C36}.Debug|Any CPU.ActiveCfg = Debug|Any CPU
		{5BE9B2F6-5C42-465A-8E67-C0E3A6BF2C36}.Debug|Any CPU.Build.0 = Debug|Any CPU
		{5BE9B2F6-5C42-465A-8E67-C0E3A6BF2C36}.Release|Any CPU.ActiveCfg = Release|Any CPU
		{5BE9B2F6-5C42-465A-8E67-C0E3A6BF2C36}.Release|Any CPU.Build.0 = Release|Any CPU
		{66C4FAAF-4F5F-4A14-A5F1-444193265516}.Debug|Any CPU.ActiveCfg = Debug|Any CPU
		{66C4FAAF-4F5F-4A14-A5F1-444193265516}.Debug|Any CPU.Build.0 = Debug|Any CPU
		{66C4FAAF-4F5F-4A14-A5F1-444193265516}.Release|Any CPU.ActiveCfg = Release|Any CPU
		{66C4FAAF-4F5F-4A14-A5F1-444193265516}.Release|Any CPU.Build.0 = Release|Any CPU
		{A689BFB8-563F-4066-8CF1-8C4655643F59}.Debug|Any CPU.ActiveCfg = Debug|Any CPU
		{A689BFB8-563F-4066-8CF1-8C4655643F59}.Debug|Any CPU.Build.0 = Debug|Any CPU
		{A689BFB8-563F-4066-8CF1-8C4655643F59}.Release|Any CPU.ActiveCfg = Release|Any CPU
		{A689BFB8-563F-4066-8CF1-8C4655643F59}.Release|Any CPU.Build.0 = Release|Any CPU
		{DC59E9B1-66FB-43E2-A0D3-17E5EE5D0433}.Debug|Any CPU.ActiveCfg = Debug|Any CPU
		{DC59E9B1-66FB-43E2-A0D3-17E5EE5D0433}.Debug|Any CPU.Build.0 = Debug|Any CPU
		{DC59E9B1-66FB-43E2-A0D3-17E5EE5D0433}.Release|Any CPU.ActiveCfg = Release|Any CPU
		{DC59E9B1-66FB-43E2-A0D3-17E5EE5D0433}.Release|Any CPU.Build.0 = Release|Any CPU
	EndGlobalSection
EndGlobal
