
Microsoft Visual Studio Solution File, Format Version 12.00
# Visual Studio 2012
Project("{FAE04EC0-301F-11D3-BF4B-00C04F79EFBC}") = "EF", "EF\EF.csproj", "{DC59E9B1-66FB-43E2-A0D3-17E5EE5D0433}"
EndProject
Project("{FAE04EC0-301F-11D3-BF4B-00C04F79EFBC}") = "Migration", "Migration\Migration.csproj", "{A689BFB8-563F-4066-8CF1-8C4655643F59}"
EndProject
Global
	GlobalSection(SolutionConfigurationPlatforms) = preSolution
		Debug|Any CPU = Debug|Any CPU
		Release|Any CPU = Release|Any CPU
	EndGlobalSection
	GlobalSection(ProjectConfigurationPlatforms) = postSolution
		{A689BFB8-563F-4066-8CF1-8C4655643F59}.Debug|Any CPU.ActiveCfg = Debug|Any CPU
		{A689BFB8-563F-4066-8CF1-8C4655643F59}.Debug|Any CPU.Build.0 = Debug|Any CPU
		{A689BFB8-563F-4066-8CF1-8C4655643F59}.Release|Any CPU.ActiveCfg = Release|Any CPU
		{A689BFB8-563F-4066-8CF1-8C4655643F59}.Release|Any CPU.Build.0 = Release|Any CPU
		{DC59E9B1-66FB-43E2-A0D3-17E5EE5D0433}.Debug|Any CPU.ActiveCfg = Debug|Any CPU
		{DC59E9B1-66FB-43E2-A0D3-17E5EE5D0433}.Debug|Any CPU.Build.0 = Debug|Any CPU
		{DC59E9B1-66FB-43E2-A0D3-17E5EE5D0433}.Release|Any CPU.ActiveCfg = Release|Any CPU
		{DC59E9B1-66FB-43E2-A0D3-17E5EE5D0433}.Release|Any CPU.Build.0 = Release|Any CPU
	EndGlobalSection
EndGlobal
